
Microsoft Visual Studio Solution File, Format Version 12.00
# Visual Studio 15
VisualStudioVersion = 15.0.28307.489
MinimumVisualStudioVersion = 10.0.40219.1
Project("{9A19103F-16F7-4668-BE54-9A1E7A4F7556}") = "DotSpatial.Projections.Std", "DotSpatial.Projections\DotSpatial.Projections.Std.csproj", "{A3088EAA-5EDB-4672-A27E-1BE096283A0F}"
EndProject
Project("{9A19103F-16F7-4668-BE54-9A1E7A4F7556}") = "DotSpatial.Positionings.Std", "DotSpatial.Positioning\DotSpatial.Positioning.Std.csproj", "{CAEC011F-41A5-4DD8-9462-157AFECF7EE1}"
EndProject
Global
	GlobalSection(SolutionConfigurationPlatforms) = preSolution
		Debug|Any CPU = Debug|Any CPU
		Release|Any CPU = Release|Any CPU
	EndGlobalSection
	GlobalSection(ProjectConfigurationPlatforms) = postSolution
		{A3088EAA-5EDB-4672-A27E-1BE096283A0F}.Debug|Any CPU.ActiveCfg = Debug|Any CPU
		{A3088EAA-5EDB-4672-A27E-1BE096283A0F}.Debug|Any CPU.Build.0 = Debug|Any CPU
		{A3088EAA-5EDB-4672-A27E-1BE096283A0F}.Release|Any CPU.ActiveCfg = Release|Any CPU
		{A3088EAA-5EDB-4672-A27E-1BE096283A0F}.Release|Any CPU.Build.0 = Release|Any CPU
		{CAEC011F-41A5-4DD8-9462-157AFECF7EE1}.Debug|Any CPU.ActiveCfg = Debug|Any CPU
		{CAEC011F-41A5-4DD8-9462-157AFECF7EE1}.Debug|Any CPU.Build.0 = Debug|Any CPU
		{CAEC011F-41A5-4DD8-9462-157AFECF7EE1}.Release|Any CPU.ActiveCfg = Release|Any CPU
		{CAEC011F-41A5-4DD8-9462-157AFECF7EE1}.Release|Any CPU.Build.0 = Release|Any CPU
	EndGlobalSection
	GlobalSection(SolutionProperties) = preSolution
		HideSolutionNode = FALSE
	EndGlobalSection
	GlobalSection(ExtensibilityGlobals) = postSolution
		SolutionGuid = {5F729153-72AF-4F4C-A3CA-CF915E88FBC1}
	EndGlobalSection
EndGlobal
